{
  "name": "documentation",
  "lockfileVersion": 3,
  "requires": true,
  "packages": {
    "": {
      "dependencies": {
        "fern": "^0.0.19"
      }
    },
    "node_modules/fern": {
      "version": "0.0.19",
      "resolved": "https://registry.npmjs.org/fern/-/fern-0.0.19.tgz",
      "integrity": "sha512-CBg9Kfpfy1JWz2JS0R5IM1mDUkySje8IazyrcByJ5Xihzn1bP3+LJFQAktCkKI2m7DgF6uItGwKskwKa//P60w==",
      "license": "MIT",
      "dependencies": {
        "through": ">=2.3.4"
      }
    },
    "node_modules/through": {
      "version": "2.3.8",
      "resolved": "https://registry.npmjs.org/through/-/through-2.3.8.tgz",
      "integrity": "sha512-w89qg7PI8wAdvX60bMDP+bFoD5Dvhm9oLheFp5O4a2QF0cSBGsBX4qZmadPMvVqlLJBBci+WqGGOAPvcDeNSVg==",
      "license": "MIT"
    }
  }
}
