{
  "name": "documentation",
  "lockfileVersion": 3,
  "requires": true,
  "packages": {
    "": {
      "dependencies": {
        "fern-api": "^0.94.6"
      }
    },
    "node_modules/fern-api": {
      "version": "0.94.6",
      "resolved": "https://registry.npmjs.org/fern-api/-/fern-api-0.94.6.tgz",
      "integrity": "sha512-QVUOsPwPqwHCoa8BLS9Co03RqK1q9mYt6aYJISqi2UHY6vbQukGEYDJHSeXykYObJ5yGl35AqucShRT0r8Kfpg==",
      "bin": {
        "fern": "cli.cjs"
      }
    }
  }
}
