{
  "name": "documentation",
  "lockfileVersion": 3,
  "requires": true,
  "packages": {
    "": {
      "dependencies": {
        "fern-api": "^4.0.1"
      }
    },
    "node_modules/@boundaryml/baml": {
      "version": "0.211.2",
      "resolved": "https://registry.npmjs.org/@boundaryml/baml/-/baml-0.211.2.tgz",
      "integrity": "sha512-5uQBeqM2IFkYM49N/kXVsK/1wy3Rr8oA+XIMJZ+b/2we2f7lR9rxSVrT1fggIdoz/2Bwbbg1FcMkdJBwMNnGbg==",
      "license": "MIT",
      "dependencies": {
        "@scarf/scarf": "^1.3.0"
      },
      "bin": {
        "baml": "cli.js",
        "baml-cli": "cli.js"
      },
      "engines": {
        "node": ">= 10"
      },
      "optionalDependencies": {
        "@boundaryml/baml-darwin-arm64": "0.211.2",
        "@boundaryml/baml-darwin-x64": "0.211.2",
        "@boundaryml/baml-linux-arm64-gnu": "0.211.2",
        "@boundaryml/baml-linux-arm64-musl": "0.211.2",
        "@boundaryml/baml-linux-x64-gnu": "0.211.2",
        "@boundaryml/baml-linux-x64-musl": "0.211.2",
        "@boundaryml/baml-win32-x64-msvc": "0.211.2"
      }
    },
    "node_modules/@boundaryml/baml-darwin-arm64": {
      "version": "0.211.2",
      "resolved": "https://registry.npmjs.org/@boundaryml/baml-darwin-arm64/-/baml-darwin-arm64-0.211.2.tgz",
      "integrity": "sha512-qsKhObXmCrMR1s0dvLPV57We2WAMPoSc4qOT635zayjMgYIwSoUpumbJ4h6DsojFN9VEbcjtR4HNRcbzdzHZEA==",
      "cpu": [
        "arm64"
      ],
      "license": "MIT",
      "optional": true,
      "os": [
        "darwin"
      ],
      "engines": {
        "node": ">= 10"
      }
    },
    "node_modules/@boundaryml/baml-darwin-x64": {
      "version": "0.211.2",
      "resolved": "https://registry.npmjs.org/@boundaryml/baml-darwin-x64/-/baml-darwin-x64-0.211.2.tgz",
      "integrity": "sha512-Bj+AIhMsvtZs8msfxKIiCaOleL0cx40aZXTLPJYfYMHTOuKLveqqIO7yQlZM8ZchJ6zh39DqN9YntTxju8zzWA==",
      "cpu": [
        "x64"
      ],
      "license": "MIT",
      "optional": true,
      "os": [
        "darwin"
      ],
      "engines": {
        "node": ">= 10"
      }
    },
    "node_modules/@boundaryml/baml-linux-arm64-gnu": {
      "version": "0.211.2",
      "resolved": "https://registry.npmjs.org/@boundaryml/baml-linux-arm64-gnu/-/baml-linux-arm64-gnu-0.211.2.tgz",
      "integrity": "sha512-pqr1VH4vncdEMcnbDTyVg7wu34f1lDwxXbuGBCw7xwaFS2InGM3qefdtyVpzPU98IO20znr4mCs1OHaMVOdiVw==",
      "cpu": [
        "arm64"
      ],
      "license": "MIT",
      "optional": true,
      "os": [
        "linux"
      ],
      "engines": {
        "node": ">= 10"
      }
    },
    "node_modules/@boundaryml/baml-linux-arm64-musl": {
      "version": "0.211.2",
      "resolved": "https://registry.npmjs.org/@boundaryml/baml-linux-arm64-musl/-/baml-linux-arm64-musl-0.211.2.tgz",
      "integrity": "sha512-nkTxst17qrGlZJmhZqsguT4yPRVOlQKbrq/b515Hn/vTqJTGuLmpSCB8Xc7gOqyIN7/ipwkNMISVlAlSU5yUIg==",
      "cpu": [
        "arm64"
      ],
      "license": "MIT",
      "optional": true,
      "os": [
        "linux"
      ],
      "engines": {
        "node": ">= 10"
      }
    },
    "node_modules/@boundaryml/baml-linux-x64-gnu": {
      "version": "0.211.2",
      "resolved": "https://registry.npmjs.org/@boundaryml/baml-linux-x64-gnu/-/baml-linux-x64-gnu-0.211.2.tgz",
      "integrity": "sha512-efnZlvst1vT0iF0WdzwRc6sjnfhvlkHhnBu2uS1x0rdH0ABhkgVi57uclRuWsjHz/OQ1WBC0sFp17GDmlaabHQ==",
      "cpu": [
        "x64"
      ],
      "license": "MIT",
      "optional": true,
      "os": [
        "linux"
      ],
      "engines": {
        "node": ">= 10"
      }
    },
    "node_modules/@boundaryml/baml-linux-x64-musl": {
      "version": "0.211.2",
      "resolved": "https://registry.npmjs.org/@boundaryml/baml-linux-x64-musl/-/baml-linux-x64-musl-0.211.2.tgz",
      "integrity": "sha512-2FZp5Z9vVCMoquniwSAmrH64bHo/JmBm//jzlvo9vfcZbK7ca9zGwx0S/CG2HWGNQA5X5tesloY4yTjwZiy2dg==",
      "cpu": [
        "x64"
      ],
      "license": "MIT",
      "optional": true,
      "os": [
        "linux"
      ],
      "engines": {
        "node": ">= 10"
      }
    },
    "node_modules/@boundaryml/baml-win32-x64-msvc": {
      "version": "0.211.2",
      "resolved": "https://registry.npmjs.org/@boundaryml/baml-win32-x64-msvc/-/baml-win32-x64-msvc-0.211.2.tgz",
      "integrity": "sha512-hWN03CKQMtUQYgsfMVl5VsFRaCl9FOWNtFRInZtm8N9a9KgV7aYoLXctaBkVgmuaz5RH46vVC1oht7YF1R0vWQ==",
      "cpu": [
        "x64"
      ],
      "license": "MIT",
      "optional": true,
      "os": [
        "win32"
      ],
      "engines": {
        "node": ">= 10"
      }
    },
    "node_modules/@scarf/scarf": {
      "version": "1.4.0",
      "resolved": "https://registry.npmjs.org/@scarf/scarf/-/scarf-1.4.0.tgz",
      "integrity": "sha512-xxeapPiUXdZAE3che6f3xogoJPeZgig6omHEy1rIY5WVsB3H2BHNnZH+gHG6x91SCWyQCzWGsuL2Hh3ClO5/qQ==",
      "hasInstallScript": true,
      "license": "Apache-2.0"
    },
    "node_modules/ansi-regex": {
      "version": "5.0.1",
      "resolved": "https://registry.npmjs.org/ansi-regex/-/ansi-regex-5.0.1.tgz",
      "integrity": "sha512-quJQXlTSUGL2LH9SUXo8VwsY4soanhgo6LNSm84E1LBcE8s3O0wpdiRzyR9z/ZZJMlMWv37qOOb9pdJlMUEKFQ==",
      "license": "MIT",
      "engines": {
        "node": ">=8"
      }
    },
    "node_modules/cli-progress": {
      "version": "3.12.0",
      "resolved": "https://registry.npmjs.org/cli-progress/-/cli-progress-3.12.0.tgz",
      "integrity": "sha512-tRkV3HJ1ASwm19THiiLIXLO7Im7wlTuKnvkYaTkyoAPefqjNg7W7DHKUlGRxy9vxDvbyCYQkQozvptuMkGCg8A==",
      "license": "MIT",
      "dependencies": {
        "string-width": "^4.2.3"
      },
      "engines": {
        "node": ">=4"
      }
    },
    "node_modules/emoji-regex": {
      "version": "8.0.0",
      "resolved": "https://registry.npmjs.org/emoji-regex/-/emoji-regex-8.0.0.tgz",
      "integrity": "sha512-MSjYzcWNOA0ewAHpz0MxpYFvwg6yjy1NG3xteoqz644VCo/RPgnr1/GGt+ic3iJTzQ8Eu3TdM14SawnVUmGE6A==",
      "license": "MIT"
    },
    "node_modules/fern-api": {
      "version": "4.0.1",
      "resolved": "https://registry.npmjs.org/fern-api/-/fern-api-4.0.1.tgz",
      "integrity": "sha512-tXlC3jaBwDxJ3hZ93NJ55LKdZd/MDKjnad5qS+L96BGlk+D9OEoxk/dLut34B3fuyZivnIOsp/ZGD4dd553XMg==",
      "dependencies": {
        "@boundaryml/baml": "^0.211.2",
        "cli-progress": "^3.12.0"
      },
      "bin": {
        "fern": "cli.cjs"
      }
    },
    "node_modules/is-fullwidth-code-point": {
      "version": "3.0.0",
      "resolved": "https://registry.npmjs.org/is-fullwidth-code-point/-/is-fullwidth-code-point-3.0.0.tgz",
      "integrity": "sha512-zymm5+u+sCsSWyD9qNaejV3DFvhCKclKdizYaJUuHA83RLjb7nSuGnddCHGv0hk+KY7BMAlsWeK4Ueg6EV6XQg==",
      "license": "MIT",
      "engines": {
        "node": ">=8"
      }
    },
    "node_modules/string-width": {
      "version": "4.2.3",
      "resolved": "https://registry.npmjs.org/string-width/-/string-width-4.2.3.tgz",
      "integrity": "sha512-wKyQRQpjJ0sIp62ErSZdGsjMJWsap5oRNihHhu6G7JVO/9jIB6UyevL+tXuOqrng8j/cxKTWyWUwvSTriiZz/g==",
      "license": "MIT",
      "dependencies": {
        "emoji-regex": "^8.0.0",
        "is-fullwidth-code-point": "^3.0.0",
        "strip-ansi": "^6.0.1"
      },
      "engines": {
        "node": ">=8"
      }
    },
    "node_modules/strip-ansi": {
      "version": "6.0.1",
      "resolved": "https://registry.npmjs.org/strip-ansi/-/strip-ansi-6.0.1.tgz",
      "integrity": "sha512-Y38VPSHcqkFrCpFnQ9vuSXmquuv5oXOKpGeT6aGrr3o3Gc9AlVa6JBfUSOCnbxGGZF+/0ooI7KrPuUSztUdU5A==",
      "license": "MIT",
      "dependencies": {
        "ansi-regex": "^5.0.1"
      },
      "engines": {
        "node": ">=8"
      }
    }
  }
}
