dependencies:
- name: mysql
  repository: https://charts.bitnami.com/bitnami
  version: 11.1.9
- name: zookeeper
  repository: https://charts.bitnami.com/bitnami
  version: 13.8.3
- name: redis
  repository: https://charts.bitnami.com/bitnami
  version: 18.19.2
- name: minio
  repository: https://charts.bitnami.com/bitnami
  version: 15.0.7
- name: altinity-clickhouse-operator
  repository: https://docs.altinity.com/clickhouse-operator/
  version: 0.23.7
- name: common
  repository: oci://registry-1.docker.io/bitnamicharts
  version: 2.31.1
digest: sha256:079b3b1ad40759240b61ade1445703ac22984a482ab51688c9626c4c3dcb9e01
generated: "2025-06-12T13:58:36.624367+03:00"
