dependencies:
- name: mysql
  repository: https://charts.bitnami.com/bitnami
  version: 11.1.9
- name: zookeeper
  repository: https://charts.bitnami.com/bitnami
  version: 12.12.1
- name: redis
  repository: https://charts.bitnami.com/bitnami
  version: 18.19.2
- name: altinity-clickhouse-operator
  repository: https://docs.altinity.com/clickhouse-operator/
  version: 0.23.7
- name: common
  repository: oci://registry-1.docker.io/bitnamicharts
  version: 2.27.0
digest: sha256:abbf693f77864eb242acd9cce31514c3c4335c0a52f10471ac8d43a67c02e0d4
generated: "2024-11-17T14:25:02.348737+02:00"
